
Microsoft Visual Studio Solution File, Format Version 12.00
# Visual Studio Version 17
VisualStudioVersion = 17.1.32228.430
MinimumVisualStudioVersion = 10.0.40219.1
Project("{FAE04EC0-301F-11D3-BF4B-00C04F79EFBC}") = "FIHRImporter", "FIHRImporter\FIHRImporter.csproj", "{61490021-9986-43F6-A373-85AC3D618988}"
EndProject
Global
	GlobalSection(SolutionConfigurationPlatforms) = preSolution
		Debug|Any CPU = Debug|Any CPU
		Release|Any CPU = Release|Any CPU
	EndGlobalSection
	GlobalSection(ProjectConfigurationPlatforms) = postSolution
		{61490021-9986-43F6-A373-85AC3D618988}.Debug|Any CPU.ActiveCfg = Debug|Any CPU
		{61490021-9986-43F6-A373-85AC3D618988}.Debug|Any CPU.Build.0 = Debug|Any CPU
		{61490021-9986-43F6-A373-85AC3D618988}.Release|Any CPU.ActiveCfg = Release|Any CPU
		{61490021-9986-43F6-A373-85AC3D618988}.Release|Any CPU.Build.0 = Release|Any CPU
	EndGlobalSection
	GlobalSection(SolutionProperties) = preSolution
		HideSolutionNode = FALSE
	EndGlobalSection
	GlobalSection(ExtensibilityGlobals) = postSolution
		SolutionGuid = {0BA6F8F7-BB66-4103-AAE8-01B68D41DF00}
	EndGlobalSection
EndGlobal
